
Microsoft Visual Studio Solution File, Format Version 12.00
# Visual Studio 2012
Project("{FAE04EC0-301F-11D3-BF4B-00C04F79EFBC}") = "Module2_Assignment", "Module2_Assignment\Module2_Assignment.csproj", "{720E63A0-A15C-481F-9E80-8D19231BD506}"
EndProject
Global
	GlobalSection(SolutionConfigurationPlatforms) = preSolution
		Debug|x86 = Debug|x86
		Release|x86 = Release|x86
	EndGlobalSection
	GlobalSection(ProjectConfigurationPlatforms) = postSolution
		{720E63A0-A15C-481F-9E80-8D19231BD506}.Debug|x86.ActiveCfg = Debug|x86
		{720E63A0-A15C-481F-9E80-8D19231BD506}.Debug|x86.Build.0 = Debug|x86
		{720E63A0-A15C-481F-9E80-8D19231BD506}.Release|x86.ActiveCfg = Release|x86
		{720E63A0-A15C-481F-9E80-8D19231BD506}.Release|x86.Build.0 = Release|x86
	EndGlobalSection
EndGlobal
